
Microsoft Visual Studio Solution File, Format Version 12.00
# Visual Studio Version 17
VisualStudioVersion = 17.11.35312.102
MinimumVisualStudioVersion = 10.0.40219.1
Project("{FAE04EC0-301F-11D3-BF4B-00C04F79EFBC}") = "LAB (1) PARCIAL", "LAB (1) PARCIAL.csproj", "{7C5D4171-CD1B-44CE-B545-99920B8618B6}"
EndProject
Global
	GlobalSection(SolutionConfigurationPlatforms) = preSolution
		Debug|Any CPU = Debug|Any CPU
		Release|Any CPU = Release|Any CPU
	EndGlobalSection
	GlobalSection(ProjectConfigurationPlatforms) = postSolution
		{7C5D4171-CD1B-44CE-B545-99920B8618B6}.Debug|Any CPU.ActiveCfg = Debug|Any CPU
		{7C5D4171-CD1B-44CE-B545-99920B8618B6}.Debug|Any CPU.Build.0 = Debug|Any CPU
		{7C5D4171-CD1B-44CE-B545-99920B8618B6}.Release|Any CPU.ActiveCfg = Release|Any CPU
		{7C5D4171-CD1B-44CE-B545-99920B8618B6}.Release|Any CPU.Build.0 = Release|Any CPU
	EndGlobalSection
	GlobalSection(SolutionProperties) = preSolution
		HideSolutionNode = FALSE
	EndGlobalSection
	GlobalSection(ExtensibilityGlobals) = postSolution
		SolutionGuid = {D299B49A-F7B5-4F22-ABD1-A9A94DD8CF82}
	EndGlobalSection
EndGlobal
